// !$*UTF8*$!
{
	archiveVersion = 1;
	classes = {
	};
	objectVersion = 55;
	objects = {

/* Begin PBXBuildFile section */
		18DA7713282E3A250092ECDA /* APIEndPoints + Protocol.swift in Sources */ = {isa = PBXBuildFile; fileRef = 18DA7712282E3A250092ECDA /* APIEndPoints + Protocol.swift */; };
		18DA7715282E3A7C0092ECDA /* URLSessionService.swift in Sources */ = {isa = PBXBuildFile; fileRef = 18DA7714282E3A7C0092ECDA /* URLSessionService.swift */; };
		18DA7717282E3B400092ECDA /* APIRequest.swift in Sources */ = {isa = PBXBuildFile; fileRef = 18DA7716282E3B400092ECDA /* APIRequest.swift */; };
		18DA7719282E41100092ECDA /* List+DTO.swift in Sources */ = {isa = PBXBuildFile; fileRef = 18DA7718282E41100092ECDA /* List+DTO.swift */; };
		18DA771D282E4D110092ECDA /* RepositoryParams.swift in Sources */ = {isa = PBXBuildFile; fileRef = 18DA771C282E4D110092ECDA /* RepositoryParams.swift */; };
		18DA771F282E515B0092ECDA /* RepositoryListRequest.swift in Sources */ = {isa = PBXBuildFile; fileRef = 18DA771E282E515B0092ECDA /* RepositoryListRequest.swift */; };
		18DA7721282E55D00092ECDA /* URLSessionService+Rx.swift in Sources */ = {isa = PBXBuildFile; fileRef = 18DA7720282E55D00092ECDA /* URLSessionService+Rx.swift */; };
		18DA7723282E56D20092ECDA /* DefaultRepoItemRepository.swift in Sources */ = {isa = PBXBuildFile; fileRef = 18DA7722282E56D20092ECDA /* DefaultRepoItemRepository.swift */; };
		18DA7726282E5C0F0092ECDA /* Repository+DTO.swift in Sources */ = {isa = PBXBuildFile; fileRef = 18DA7725282E5C0F0092ECDA /* Repository+DTO.swift */; };
		33D96ABB282E2B2B009C549C /* AppDelegate.swift in Sources */ = {isa = PBXBuildFile; fileRef = 33D96ABA282E2B2B009C549C /* AppDelegate.swift */; };
		33D96ABD282E2B2B009C549C /* SceneDelegate.swift in Sources */ = {isa = PBXBuildFile; fileRef = 33D96ABC282E2B2B009C549C /* SceneDelegate.swift */; };
		33D96ABF282E2B2B009C549C /* RepoListViewController.swift in Sources */ = {isa = PBXBuildFile; fileRef = 33D96ABE282E2B2B009C549C /* RepoListViewController.swift */; };
		33D96AC2282E2B2B009C549C /* Main.storyboard in Resources */ = {isa = PBXBuildFile; fileRef = 33D96AC0282E2B2B009C549C /* Main.storyboard */; };
		33D96AC4282E2B31009C549C /* Assets.xcassets in Resources */ = {isa = PBXBuildFile; fileRef = 33D96AC3282E2B31009C549C /* Assets.xcassets */; };
		33D96AC7282E2B31009C549C /* LaunchScreen.storyboard in Resources */ = {isa = PBXBuildFile; fileRef = 33D96AC5282E2B31009C549C /* LaunchScreen.storyboard */; };
		33D96AD0282E2C1F009C549C /* RxCocoa in Frameworks */ = {isa = PBXBuildFile; productRef = 33D96ACF282E2C1F009C549C /* RxCocoa */; };
		33D96AD2282E2C1F009C549C /* RxSwift in Frameworks */ = {isa = PBXBuildFile; productRef = 33D96AD1282E2C1F009C549C /* RxSwift */; };
		33D96AD5282E31C6009C549C /* TableViewCell.swift in Sources */ = {isa = PBXBuildFile; fileRef = 33D96AD3282E31C6009C549C /* TableViewCell.swift */; };
		33D96AD6282E31C6009C549C /* TableViewCell.xib in Resources */ = {isa = PBXBuildFile; fileRef = 33D96AD4282E31C6009C549C /* TableViewCell.xib */; };
		33D96AD8282E3A88009C549C /* RepoListViewModel.swift in Sources */ = {isa = PBXBuildFile; fileRef = 33D96AD7282E3A88009C549C /* RepoListViewModel.swift */; };
		33D96ADA282E3C77009C549C /* RepoDetailViewController.swift in Sources */ = {isa = PBXBuildFile; fileRef = 33D96AD9282E3C77009C549C /* RepoDetailViewController.swift */; };
		33D96ADC282E3C8F009C549C /* RepoDetailViewModel.swift in Sources */ = {isa = PBXBuildFile; fileRef = 33D96ADB282E3C8F009C549C /* RepoDetailViewModel.swift */; };
		33D96AE2282E4010009C549C /* RepoListCoordinator.swift in Sources */ = {isa = PBXBuildFile; fileRef = 33D96AE1282E4010009C549C /* RepoListCoordinator.swift */; };
		33D96AE5282E40C2009C549C /* Coordinator.swift in Sources */ = {isa = PBXBuildFile; fileRef = 33D96AE4282E40C2009C549C /* Coordinator.swift */; };
		33D96AE8282E476C009C549C /* FavoriteRepoListViewController.swift in Sources */ = {isa = PBXBuildFile; fileRef = 33D96AE7282E476C009C549C /* FavoriteRepoListViewController.swift */; };
		33D96AEA282E478F009C549C /* FavoriteRepoListViewModel.swift in Sources */ = {isa = PBXBuildFile; fileRef = 33D96AE9282E478F009C549C /* FavoriteRepoListViewModel.swift */; };
		33F3F354282E4F2E009AE8F2 /* RepoListUsecase.swift in Sources */ = {isa = PBXBuildFile; fileRef = 33F3F34F282E4F2E009AE8F2 /* RepoListUsecase.swift */; };
		33F3F355282E4F2E009AE8F2 /* RepoItemRepository.swift in Sources */ = {isa = PBXBuildFile; fileRef = 33F3F350282E4F2E009AE8F2 /* RepoItemRepository.swift */; };
		33F3F356282E4F2E009AE8F2 /* RepoItem.swift in Sources */ = {isa = PBXBuildFile; fileRef = 33F3F352282E4F2E009AE8F2 /* RepoItem.swift */; };
		33F3F357282E4F2E009AE8F2 /* RepoItemQuerySortType.swift in Sources */ = {isa = PBXBuildFile; fileRef = 33F3F353282E4F2E009AE8F2 /* RepoItemQuerySortType.swift */; };
/* End PBXBuildFile section */

/* Begin PBXFileReference section */
		18DA7712282E3A250092ECDA /* APIEndPoints + Protocol.swift */ = {isa = PBXFileReference; lastKnownFileType = sourcecode.swift; path = "APIEndPoints + Protocol.swift"; sourceTree = "<group>"; };
		18DA7714282E3A7C0092ECDA /* URLSessionService.swift */ = {isa = PBXFileReference; lastKnownFileType = sourcecode.swift; path = URLSessionService.swift; sourceTree = "<group>"; };
		18DA7716282E3B400092ECDA /* APIRequest.swift */ = {isa = PBXFileReference; lastKnownFileType = sourcecode.swift; path = APIRequest.swift; sourceTree = "<group>"; };
		18DA7718282E41100092ECDA /* List+DTO.swift */ = {isa = PBXFileReference; lastKnownFileType = sourcecode.swift; path = "List+DTO.swift"; sourceTree = "<group>"; };
		18DA771C282E4D110092ECDA /* RepositoryParams.swift */ = {isa = PBXFileReference; lastKnownFileType = sourcecode.swift; path = RepositoryParams.swift; sourceTree = "<group>"; };
		18DA771E282E515B0092ECDA /* RepositoryListRequest.swift */ = {isa = PBXFileReference; lastKnownFileType = sourcecode.swift; path = RepositoryListRequest.swift; sourceTree = "<group>"; };
		18DA7720282E55D00092ECDA /* URLSessionService+Rx.swift */ = {isa = PBXFileReference; lastKnownFileType = sourcecode.swift; path = "URLSessionService+Rx.swift"; sourceTree = "<group>"; };
		18DA7722282E56D20092ECDA /* DefaultRepoItemRepository.swift */ = {isa = PBXFileReference; lastKnownFileType = sourcecode.swift; path = DefaultRepoItemRepository.swift; sourceTree = "<group>"; };
		18DA7725282E5C0F0092ECDA /* Repository+DTO.swift */ = {isa = PBXFileReference; lastKnownFileType = sourcecode.swift; path = "Repository+DTO.swift"; sourceTree = "<group>"; };
		33D96AB7282E2B2B009C549C /* RxSwift-MVVM-CleanArchitecture101.app */ = {isa = PBXFileReference; explicitFileType = wrapper.application; includeInIndex = 0; path = "RxSwift-MVVM-CleanArchitecture101.app"; sourceTree = BUILT_PRODUCTS_DIR; };
		33D96ABA282E2B2B009C549C /* AppDelegate.swift */ = {isa = PBXFileReference; lastKnownFileType = sourcecode.swift; path = AppDelegate.swift; sourceTree = "<group>"; };
		33D96ABC282E2B2B009C549C /* SceneDelegate.swift */ = {isa = PBXFileReference; lastKnownFileType = sourcecode.swift; path = SceneDelegate.swift; sourceTree = "<group>"; };
		33D96ABE282E2B2B009C549C /* RepoListViewController.swift */ = {isa = PBXFileReference; lastKnownFileType = sourcecode.swift; path = RepoListViewController.swift; sourceTree = "<group>"; };
		33D96AC1282E2B2B009C549C /* Base */ = {isa = PBXFileReference; lastKnownFileType = file.storyboard; name = Base; path = Base.lproj/Main.storyboard; sourceTree = "<group>"; };
		33D96AC3282E2B31009C549C /* Assets.xcassets */ = {isa = PBXFileReference; lastKnownFileType = folder.assetcatalog; path = Assets.xcassets; sourceTree = "<group>"; };
		33D96AC6282E2B31009C549C /* Base */ = {isa = PBXFileReference; lastKnownFileType = file.storyboard; name = Base; path = Base.lproj/LaunchScreen.storyboard; sourceTree = "<group>"; };
		33D96AC8282E2B31009C549C /* Info.plist */ = {isa = PBXFileReference; lastKnownFileType = text.plist.xml; path = Info.plist; sourceTree = "<group>"; };
		33D96AD3282E31C6009C549C /* TableViewCell.swift */ = {isa = PBXFileReference; lastKnownFileType = sourcecode.swift; path = TableViewCell.swift; sourceTree = "<group>"; };
		33D96AD4282E31C6009C549C /* TableViewCell.xib */ = {isa = PBXFileReference; lastKnownFileType = file.xib; path = TableViewCell.xib; sourceTree = "<group>"; };
		33D96AD7282E3A88009C549C /* RepoListViewModel.swift */ = {isa = PBXFileReference; lastKnownFileType = sourcecode.swift; path = RepoListViewModel.swift; sourceTree = "<group>"; };
		33D96AD9282E3C77009C549C /* RepoDetailViewController.swift */ = {isa = PBXFileReference; lastKnownFileType = sourcecode.swift; path = RepoDetailViewController.swift; sourceTree = "<group>"; };
		33D96ADB282E3C8F009C549C /* RepoDetailViewModel.swift */ = {isa = PBXFileReference; lastKnownFileType = sourcecode.swift; path = RepoDetailViewModel.swift; sourceTree = "<group>"; };
		33D96AE1282E4010009C549C /* RepoListCoordinator.swift */ = {isa = PBXFileReference; lastKnownFileType = sourcecode.swift; path = RepoListCoordinator.swift; sourceTree = "<group>"; };
		33D96AE4282E40C2009C549C /* Coordinator.swift */ = {isa = PBXFileReference; lastKnownFileType = sourcecode.swift; path = Coordinator.swift; sourceTree = "<group>"; };
		33D96AE7282E476C009C549C /* FavoriteRepoListViewController.swift */ = {isa = PBXFileReference; lastKnownFileType = sourcecode.swift; path = FavoriteRepoListViewController.swift; sourceTree = "<group>"; };
		33D96AE9282E478F009C549C /* FavoriteRepoListViewModel.swift */ = {isa = PBXFileReference; lastKnownFileType = sourcecode.swift; path = FavoriteRepoListViewModel.swift; sourceTree = "<group>"; };
		33F3F34F282E4F2E009AE8F2 /* RepoListUsecase.swift */ = {isa = PBXFileReference; fileEncoding = 4; lastKnownFileType = sourcecode.swift; path = RepoListUsecase.swift; sourceTree = "<group>"; };
		33F3F350282E4F2E009AE8F2 /* RepoItemRepository.swift */ = {isa = PBXFileReference; fileEncoding = 4; lastKnownFileType = sourcecode.swift; path = RepoItemRepository.swift; sourceTree = "<group>"; };
		33F3F352282E4F2E009AE8F2 /* RepoItem.swift */ = {isa = PBXFileReference; fileEncoding = 4; lastKnownFileType = sourcecode.swift; path = RepoItem.swift; sourceTree = "<group>"; };
		33F3F353282E4F2E009AE8F2 /* RepoItemQuerySortType.swift */ = {isa = PBXFileReference; fileEncoding = 4; lastKnownFileType = sourcecode.swift; path = RepoItemQuerySortType.swift; sourceTree = "<group>"; };
/* End PBXFileReference section */

/* Begin PBXFrameworksBuildPhase section */
		33D96AB4282E2B2B009C549C /* Frameworks */ = {
			isa = PBXFrameworksBuildPhase;
			buildActionMask = 2147483647;
			files = (
				33D96AD2282E2C1F009C549C /* RxSwift in Frameworks */,
				33D96AD0282E2C1F009C549C /* RxCocoa in Frameworks */,
			);
			runOnlyForDeploymentPostprocessing = 0;
		};
/* End PBXFrameworksBuildPhase section */

/* Begin PBXGroup section */
		18DA7710282E39590092ECDA /* Data */ = {
			isa = PBXGroup;
			children = (
				18DA7724282E5B820092ECDA /* Repository */,
				18DA7718282E41100092ECDA /* List+DTO.swift */,
				18DA7725282E5C0F0092ECDA /* Repository+DTO.swift */,
			);
			path = Data;
			sourceTree = "<group>";
		};
		18DA7711282E39760092ECDA /* NetWork */ = {
			isa = PBXGroup;
			children = (
				18DA771B282E4CF50092ECDA /* RepositoryList */,
				18DA771A282E4CA60092ECDA /* Interface */,
				18DA7714282E3A7C0092ECDA /* URLSessionService.swift */,
				18DA7720282E55D00092ECDA /* URLSessionService+Rx.swift */,
			);
			path = NetWork;
			sourceTree = "<group>";
		};
		18DA771A282E4CA60092ECDA /* Interface */ = {
			isa = PBXGroup;
			children = (
				18DA7712282E3A250092ECDA /* APIEndPoints + Protocol.swift */,
				18DA7716282E3B400092ECDA /* APIRequest.swift */,
			);
			path = Interface;
			sourceTree = "<group>";
		};
		18DA771B282E4CF50092ECDA /* RepositoryList */ = {
			isa = PBXGroup;
			children = (
				18DA771C282E4D110092ECDA /* RepositoryParams.swift */,
				18DA771E282E515B0092ECDA /* RepositoryListRequest.swift */,
			);
			path = RepositoryList;
			sourceTree = "<group>";
		};
		18DA7724282E5B820092ECDA /* Repository */ = {
			isa = PBXGroup;
			children = (
				18DA7722282E56D20092ECDA /* DefaultRepoItemRepository.swift */,
			);
			path = Repository;
			sourceTree = "<group>";
		};
		33D96AAE282E2B2B009C549C = {
			isa = PBXGroup;
			children = (
				33D96AB9282E2B2B009C549C /* RxSwift-MVVM-CleanArchitecture101 */,
				33D96AB8282E2B2B009C549C /* Products */,
			);
			sourceTree = "<group>";
		};
		33D96AB8282E2B2B009C549C /* Products */ = {
			isa = PBXGroup;
			children = (
				33D96AB7282E2B2B009C549C /* RxSwift-MVVM-CleanArchitecture101.app */,
			);
			name = Products;
			sourceTree = "<group>";
		};
		33D96AB9282E2B2B009C549C /* RxSwift-MVVM-CleanArchitecture101 */ = {
			isa = PBXGroup;
			children = (
				18DA7711282E39760092ECDA /* NetWork */,
				18DA7710282E39590092ECDA /* Data */,
				33D96ABA282E2B2B009C549C /* AppDelegate.swift */,
				33D96ABC282E2B2B009C549C /* SceneDelegate.swift */,
				33D96AC0282E2B2B009C549C /* Main.storyboard */,
				33F3F34E282E4F2E009AE8F2 /* Domain */,
				33D96ADD282E3F6D009C549C /* Presentation */,
				33D96AC3282E2B31009C549C /* Assets.xcassets */,
				33D96AC5282E2B31009C549C /* LaunchScreen.storyboard */,
				33D96AC8282E2B31009C549C /* Info.plist */,
			);
			path = "RxSwift-MVVM-CleanArchitecture101";
			sourceTree = "<group>";
		};
		33D96ADD282E3F6D009C549C /* Presentation */ = {
			isa = PBXGroup;
			children = (
				33D96ADE282E3F7B009C549C /* Scene */,
			);
			path = Presentation;
			sourceTree = "<group>";
		};
		33D96ADE282E3F7B009C549C /* Scene */ = {
			isa = PBXGroup;
			children = (
				33D96AE3282E401F009C549C /* Coordinator */,
				33D96AE0282E3F84009C549C /* RepoList */,
				33D96AE6282E472E009C549C /* FavoriteRepoList */,
				33D96ADF282E3F82009C549C /* RepoDetail */,
			);
			path = Scene;
			sourceTree = "<group>";
		};
		33D96ADF282E3F82009C549C /* RepoDetail */ = {
			isa = PBXGroup;
			children = (
				33D96ADB282E3C8F009C549C /* RepoDetailViewModel.swift */,
				33D96AD9282E3C77009C549C /* RepoDetailViewController.swift */,
			);
			path = RepoDetail;
			sourceTree = "<group>";
		};
		33D96AE0282E3F84009C549C /* RepoList */ = {
			isa = PBXGroup;
			children = (
				33D96ABE282E2B2B009C549C /* RepoListViewController.swift */,
				33D96AD7282E3A88009C549C /* RepoListViewModel.swift */,
				33D96AD3282E31C6009C549C /* TableViewCell.swift */,
				33D96AD4282E31C6009C549C /* TableViewCell.xib */,
			);
			path = RepoList;
			sourceTree = "<group>";
		};
		33D96AE3282E401F009C549C /* Coordinator */ = {
			isa = PBXGroup;
			children = (
				33D96AE4282E40C2009C549C /* Coordinator.swift */,
				33D96AE1282E4010009C549C /* RepoListCoordinator.swift */,
			);
			path = Coordinator;
			sourceTree = "<group>";
		};
		33D96AE6282E472E009C549C /* FavoriteRepoList */ = {
			isa = PBXGroup;
			children = (
				33D96AE9282E478F009C549C /* FavoriteRepoListViewModel.swift */,
				33D96AE7282E476C009C549C /* FavoriteRepoListViewController.swift */,
			);
			path = FavoriteRepoList;
			sourceTree = "<group>";
		};
		33F3F34E282E4F2E009AE8F2 /* Domain */ = {
			isa = PBXGroup;
			children = (
				33F3F34F282E4F2E009AE8F2 /* RepoListUsecase.swift */,
				33F3F350282E4F2E009AE8F2 /* RepoItemRepository.swift */,
				33F3F351282E4F2E009AE8F2 /* Model */,
			);
			path = Domain;
			sourceTree = "<group>";
		};
		33F3F351282E4F2E009AE8F2 /* Model */ = {
			isa = PBXGroup;
			children = (
				33F3F352282E4F2E009AE8F2 /* RepoItem.swift */,
				33F3F353282E4F2E009AE8F2 /* RepoItemQuerySortType.swift */,
			);
			path = Model;
			sourceTree = "<group>";
		};
/* End PBXGroup section */

/* Begin PBXNativeTarget section */
		33D96AB6282E2B2B009C549C /* RxSwift-MVVM-CleanArchitecture101 */ = {
			isa = PBXNativeTarget;
			buildConfigurationList = 33D96ACB282E2B31009C549C /* Build configuration list for PBXNativeTarget "RxSwift-MVVM-CleanArchitecture101" */;
			buildPhases = (
				33D96AB3282E2B2B009C549C /* Sources */,
				33D96AB4282E2B2B009C549C /* Frameworks */,
				33D96AB5282E2B2B009C549C /* Resources */,
			);
			buildRules = (
			);
			dependencies = (
			);
			name = "RxSwift-MVVM-CleanArchitecture101";
			packageProductDependencies = (
				33D96ACF282E2C1F009C549C /* RxCocoa */,
				33D96AD1282E2C1F009C549C /* RxSwift */,
			);
			productName = "RxSwift-MVVM-CleanArchitecture101";
			productReference = 33D96AB7282E2B2B009C549C /* RxSwift-MVVM-CleanArchitecture101.app */;
			productType = "com.apple.product-type.application";
		};
/* End PBXNativeTarget section */

/* Begin PBXProject section */
		33D96AAF282E2B2B009C549C /* Project object */ = {
			isa = PBXProject;
			attributes = {
				BuildIndependentTargetsInParallel = 1;
				LastSwiftUpdateCheck = 1320;
				LastUpgradeCheck = 1320;
				TargetAttributes = {
					33D96AB6282E2B2B009C549C = {
						CreatedOnToolsVersion = 13.2.1;
					};
				};
			};
			buildConfigurationList = 33D96AB2282E2B2B009C549C /* Build configuration list for PBXProject "RxSwift-MVVM-CleanArchitecture101" */;
			compatibilityVersion = "Xcode 13.0";
			developmentRegion = en;
			hasScannedForEncodings = 0;
			knownRegions = (
				en,
				Base,
			);
			mainGroup = 33D96AAE282E2B2B009C549C;
			packageReferences = (
				33D96ACE282E2C1F009C549C /* XCRemoteSwiftPackageReference "RxSwift" */,
			);
			productRefGroup = 33D96AB8282E2B2B009C549C /* Products */;
			projectDirPath = "";
			projectRoot = "";
			targets = (
				33D96AB6282E2B2B009C549C /* RxSwift-MVVM-CleanArchitecture101 */,
			);
		};
/* End PBXProject section */

/* Begin PBXResourcesBuildPhase section */
		33D96AB5282E2B2B009C549C /* Resources */ = {
			isa = PBXResourcesBuildPhase;
			buildActionMask = 2147483647;
			files = (
				33D96AC7282E2B31009C549C /* LaunchScreen.storyboard in Resources */,
				33D96AD6282E31C6009C549C /* TableViewCell.xib in Resources */,
				33D96AC4282E2B31009C549C /* Assets.xcassets in Resources */,
				33D96AC2282E2B2B009C549C /* Main.storyboard in Resources */,
			);
			runOnlyForDeploymentPostprocessing = 0;
		};
/* End PBXResourcesBuildPhase section */

/* Begin PBXSourcesBuildPhase section */
		33D96AB3282E2B2B009C549C /* Sources */ = {
			isa = PBXSourcesBuildPhase;
			buildActionMask = 2147483647;
			files = (
				18DA7723282E56D20092ECDA /* DefaultRepoItemRepository.swift in Sources */,
				18DA7721282E55D00092ECDA /* URLSessionService+Rx.swift in Sources */,
				33D96ABF282E2B2B009C549C /* ViewController.swift in Sources */,
				18DA7715282E3A7C0092ECDA /* URLSessionService.swift in Sources */,
				18DA7719282E41100092ECDA /* List+DTO.swift in Sources */,
				18DA7726282E5C0F0092ECDA /* Repository+DTO.swift in Sources */,
				33D96ABB282E2B2B009C549C /* AppDelegate.swift in Sources */,
				18DA771F282E515B0092ECDA /* RepositoryListRequest.swift in Sources */,
				33D96ABD282E2B2B009C549C /* SceneDelegate.swift in Sources */,
				18DA771D282E4D110092ECDA /* RepositoryParams.swift in Sources */,
				18DA7717282E3B400092ECDA /* APIRequest.swift in Sources */,
				18DA7713282E3A250092ECDA /* APIEndPoints + Protocol.swift in Sources */,
			);
			runOnlyForDeploymentPostprocessing = 0;
		};
/* End PBXSourcesBuildPhase section */

/* Begin PBXVariantGroup section */
		33D96AC0282E2B2B009C549C /* Main.storyboard */ = {
			isa = PBXVariantGroup;
			children = (
				33D96AC1282E2B2B009C549C /* Base */,
			);
			name = Main.storyboard;
			sourceTree = "<group>";
		};
		33D96AC5282E2B31009C549C /* LaunchScreen.storyboard */ = {
			isa = PBXVariantGroup;
			children = (
				33D96AC6282E2B31009C549C /* Base */,
			);
			name = LaunchScreen.storyboard;
			sourceTree = "<group>";
		};
/* End PBXVariantGroup section */

/* Begin XCBuildConfiguration section */
		33D96AC9282E2B31009C549C /* Debug */ = {
			isa = XCBuildConfiguration;
			buildSettings = {
				ALWAYS_SEARCH_USER_PATHS = NO;
				CLANG_ANALYZER_NONNULL = YES;
				CLANG_ANALYZER_NUMBER_OBJECT_CONVERSION = YES_AGGRESSIVE;
				CLANG_CXX_LANGUAGE_STANDARD = "gnu++17";
				CLANG_CXX_LIBRARY = "libc++";
				CLANG_ENABLE_MODULES = YES;
				CLANG_ENABLE_OBJC_ARC = YES;
				CLANG_ENABLE_OBJC_WEAK = YES;
				CLANG_WARN_BLOCK_CAPTURE_AUTORELEASING = YES;
				CLANG_WARN_BOOL_CONVERSION = YES;
				CLANG_WARN_COMMA = YES;
				CLANG_WARN_CONSTANT_CONVERSION = YES;
				CLANG_WARN_DEPRECATED_OBJC_IMPLEMENTATIONS = YES;
				CLANG_WARN_DIRECT_OBJC_ISA_USAGE = YES_ERROR;
				CLANG_WARN_DOCUMENTATION_COMMENTS = YES;
				CLANG_WARN_EMPTY_BODY = YES;
				CLANG_WARN_ENUM_CONVERSION = YES;
				CLANG_WARN_INFINITE_RECURSION = YES;
				CLANG_WARN_INT_CONVERSION = YES;
				CLANG_WARN_NON_LITERAL_NULL_CONVERSION = YES;
				CLANG_WARN_OBJC_IMPLICIT_RETAIN_SELF = YES;
				CLANG_WARN_OBJC_LITERAL_CONVERSION = YES;
				CLANG_WARN_OBJC_ROOT_CLASS = YES_ERROR;
				CLANG_WARN_QUOTED_INCLUDE_IN_FRAMEWORK_HEADER = YES;
				CLANG_WARN_RANGE_LOOP_ANALYSIS = YES;
				CLANG_WARN_STRICT_PROTOTYPES = YES;
				CLANG_WARN_SUSPICIOUS_MOVE = YES;
				CLANG_WARN_UNGUARDED_AVAILABILITY = YES_AGGRESSIVE;
				CLANG_WARN_UNREACHABLE_CODE = YES;
				CLANG_WARN__DUPLICATE_METHOD_MATCH = YES;
				COPY_PHASE_STRIP = NO;
				DEBUG_INFORMATION_FORMAT = dwarf;
				ENABLE_STRICT_OBJC_MSGSEND = YES;
				ENABLE_TESTABILITY = YES;
				GCC_C_LANGUAGE_STANDARD = gnu11;
				GCC_DYNAMIC_NO_PIC = NO;
				GCC_NO_COMMON_BLOCKS = YES;
				GCC_OPTIMIZATION_LEVEL = 0;
				GCC_PREPROCESSOR_DEFINITIONS = (
					"DEBUG=1",
					"$(inherited)",
				);
				GCC_WARN_64_TO_32_BIT_CONVERSION = YES;
				GCC_WARN_ABOUT_RETURN_TYPE = YES_ERROR;
				GCC_WARN_UNDECLARED_SELECTOR = YES;
				GCC_WARN_UNINITIALIZED_AUTOS = YES_AGGRESSIVE;
				GCC_WARN_UNUSED_FUNCTION = YES;
				GCC_WARN_UNUSED_VARIABLE = YES;
				IPHONEOS_DEPLOYMENT_TARGET = 15.2;
				MTL_ENABLE_DEBUG_INFO = INCLUDE_SOURCE;
				MTL_FAST_MATH = YES;
				ONLY_ACTIVE_ARCH = YES;
				SDKROOT = iphoneos;
				SWIFT_ACTIVE_COMPILATION_CONDITIONS = DEBUG;
				SWIFT_OPTIMIZATION_LEVEL = "-Onone";
			};
			name = Debug;
		};
		33D96ACA282E2B31009C549C /* Release */ = {
			isa = XCBuildConfiguration;
			buildSettings = {
				ALWAYS_SEARCH_USER_PATHS = NO;
				CLANG_ANALYZER_NONNULL = YES;
				CLANG_ANALYZER_NUMBER_OBJECT_CONVERSION = YES_AGGRESSIVE;
				CLANG_CXX_LANGUAGE_STANDARD = "gnu++17";
				CLANG_CXX_LIBRARY = "libc++";
				CLANG_ENABLE_MODULES = YES;
				CLANG_ENABLE_OBJC_ARC = YES;
				CLANG_ENABLE_OBJC_WEAK = YES;
				CLANG_WARN_BLOCK_CAPTURE_AUTORELEASING = YES;
				CLANG_WARN_BOOL_CONVERSION = YES;
				CLANG_WARN_COMMA = YES;
				CLANG_WARN_CONSTANT_CONVERSION = YES;
				CLANG_WARN_DEPRECATED_OBJC_IMPLEMENTATIONS = YES;
				CLANG_WARN_DIRECT_OBJC_ISA_USAGE = YES_ERROR;
				CLANG_WARN_DOCUMENTATION_COMMENTS = YES;
				CLANG_WARN_EMPTY_BODY = YES;
				CLANG_WARN_ENUM_CONVERSION = YES;
				CLANG_WARN_INFINITE_RECURSION = YES;
				CLANG_WARN_INT_CONVERSION = YES;
				CLANG_WARN_NON_LITERAL_NULL_CONVERSION = YES;
				CLANG_WARN_OBJC_IMPLICIT_RETAIN_SELF = YES;
				CLANG_WARN_OBJC_LITERAL_CONVERSION = YES;
				CLANG_WARN_OBJC_ROOT_CLASS = YES_ERROR;
				CLANG_WARN_QUOTED_INCLUDE_IN_FRAMEWORK_HEADER = YES;
				CLANG_WARN_RANGE_LOOP_ANALYSIS = YES;
				CLANG_WARN_STRICT_PROTOTYPES = YES;
				CLANG_WARN_SUSPICIOUS_MOVE = YES;
				CLANG_WARN_UNGUARDED_AVAILABILITY = YES_AGGRESSIVE;
				CLANG_WARN_UNREACHABLE_CODE = YES;
				CLANG_WARN__DUPLICATE_METHOD_MATCH = YES;
				COPY_PHASE_STRIP = NO;
				DEBUG_INFORMATION_FORMAT = "dwarf-with-dsym";
				ENABLE_NS_ASSERTIONS = NO;
				ENABLE_STRICT_OBJC_MSGSEND = YES;
				GCC_C_LANGUAGE_STANDARD = gnu11;
				GCC_NO_COMMON_BLOCKS = YES;
				GCC_WARN_64_TO_32_BIT_CONVERSION = YES;
				GCC_WARN_ABOUT_RETURN_TYPE = YES_ERROR;
				GCC_WARN_UNDECLARED_SELECTOR = YES;
				GCC_WARN_UNINITIALIZED_AUTOS = YES_AGGRESSIVE;
				GCC_WARN_UNUSED_FUNCTION = YES;
				GCC_WARN_UNUSED_VARIABLE = YES;
				IPHONEOS_DEPLOYMENT_TARGET = 15.2;
				MTL_ENABLE_DEBUG_INFO = NO;
				MTL_FAST_MATH = YES;
				SDKROOT = iphoneos;
				SWIFT_COMPILATION_MODE = wholemodule;
				SWIFT_OPTIMIZATION_LEVEL = "-O";
				VALIDATE_PRODUCT = YES;
			};
			name = Release;
		};
		33D96ACC282E2B31009C549C /* Debug */ = {
			isa = XCBuildConfiguration;
			buildSettings = {
				ASSETCATALOG_COMPILER_APPICON_NAME = AppIcon;
				ASSETCATALOG_COMPILER_GLOBAL_ACCENT_COLOR_NAME = AccentColor;
				CODE_SIGN_STYLE = Automatic;
				CURRENT_PROJECT_VERSION = 1;
				DEVELOPMENT_TEAM = TLS95R65C2;
				GENERATE_INFOPLIST_FILE = YES;
				INFOPLIST_FILE = "RxSwift-MVVM-CleanArchitecture101/Info.plist";
				INFOPLIST_KEY_UIApplicationSupportsIndirectInputEvents = YES;
				INFOPLIST_KEY_UILaunchStoryboardName = LaunchScreen;
				INFOPLIST_KEY_UIMainStoryboardFile = Main;
				INFOPLIST_KEY_UISupportedInterfaceOrientations_iPad = "UIInterfaceOrientationPortrait UIInterfaceOrientationPortraitUpsideDown UIInterfaceOrientationLandscapeLeft UIInterfaceOrientationLandscapeRight";
				INFOPLIST_KEY_UISupportedInterfaceOrientations_iPhone = "UIInterfaceOrientationPortrait UIInterfaceOrientationLandscapeLeft UIInterfaceOrientationLandscapeRight";
				IPHONEOS_DEPLOYMENT_TARGET = 13.0;
				LD_RUNPATH_SEARCH_PATHS = (
					"$(inherited)",
					"@executable_path/Frameworks",
				);
				MARKETING_VERSION = 1.0;
				PRODUCT_BUNDLE_IDENTIFIER = "net.forestjae.RxSwift-MVVM-CleanArchitecture101";
				PRODUCT_NAME = "$(TARGET_NAME)";
				SWIFT_EMIT_LOC_STRINGS = YES;
				SWIFT_VERSION = 5.0;
				TARGETED_DEVICE_FAMILY = "1,2";
			};
			name = Debug;
		};
		33D96ACD282E2B31009C549C /* Release */ = {
			isa = XCBuildConfiguration;
			buildSettings = {
				ASSETCATALOG_COMPILER_APPICON_NAME = AppIcon;
				ASSETCATALOG_COMPILER_GLOBAL_ACCENT_COLOR_NAME = AccentColor;
				CODE_SIGN_STYLE = Automatic;
				CURRENT_PROJECT_VERSION = 1;
				DEVELOPMENT_TEAM = TLS95R65C2;
				GENERATE_INFOPLIST_FILE = YES;
				INFOPLIST_FILE = "RxSwift-MVVM-CleanArchitecture101/Info.plist";
				INFOPLIST_KEY_UIApplicationSupportsIndirectInputEvents = YES;
				INFOPLIST_KEY_UILaunchStoryboardName = LaunchScreen;
				INFOPLIST_KEY_UIMainStoryboardFile = Main;
				INFOPLIST_KEY_UISupportedInterfaceOrientations_iPad = "UIInterfaceOrientationPortrait UIInterfaceOrientationPortraitUpsideDown UIInterfaceOrientationLandscapeLeft UIInterfaceOrientationLandscapeRight";
				INFOPLIST_KEY_UISupportedInterfaceOrientations_iPhone = "UIInterfaceOrientationPortrait UIInterfaceOrientationLandscapeLeft UIInterfaceOrientationLandscapeRight";
				IPHONEOS_DEPLOYMENT_TARGET = 13.0;
				LD_RUNPATH_SEARCH_PATHS = (
					"$(inherited)",
					"@executable_path/Frameworks",
				);
				MARKETING_VERSION = 1.0;
				PRODUCT_BUNDLE_IDENTIFIER = "net.forestjae.RxSwift-MVVM-CleanArchitecture101";
				PRODUCT_NAME = "$(TARGET_NAME)";
				SWIFT_EMIT_LOC_STRINGS = YES;
				SWIFT_VERSION = 5.0;
				TARGETED_DEVICE_FAMILY = "1,2";
			};
			name = Release;
		};
/* End XCBuildConfiguration section */

/* Begin XCConfigurationList section */
		33D96AB2282E2B2B009C549C /* Build configuration list for PBXProject "RxSwift-MVVM-CleanArchitecture101" */ = {
			isa = XCConfigurationList;
			buildConfigurations = (
				33D96AC9282E2B31009C549C /* Debug */,
				33D96ACA282E2B31009C549C /* Release */,
			);
			defaultConfigurationIsVisible = 0;
			defaultConfigurationName = Release;
		};
		33D96ACB282E2B31009C549C /* Build configuration list for PBXNativeTarget "RxSwift-MVVM-CleanArchitecture101" */ = {
			isa = XCConfigurationList;
			buildConfigurations = (
				33D96ACC282E2B31009C549C /* Debug */,
				33D96ACD282E2B31009C549C /* Release */,
			);
			defaultConfigurationIsVisible = 0;
			defaultConfigurationName = Release;
		};
/* End XCConfigurationList section */

/* Begin XCRemoteSwiftPackageReference section */
		33D96ACE282E2C1F009C549C /* XCRemoteSwiftPackageReference "RxSwift" */ = {
			isa = XCRemoteSwiftPackageReference;
			repositoryURL = "https://github.com/ReactiveX/RxSwift.git";
			requirement = {
				kind = upToNextMajorVersion;
				minimumVersion = 6.0.0;
			};
		};
/* End XCRemoteSwiftPackageReference section */

/* Begin XCSwiftPackageProductDependency section */
		33D96ACF282E2C1F009C549C /* RxCocoa */ = {
			isa = XCSwiftPackageProductDependency;
			package = 33D96ACE282E2C1F009C549C /* XCRemoteSwiftPackageReference "RxSwift" */;
			productName = RxCocoa;
		};
		33D96AD1282E2C1F009C549C /* RxSwift */ = {
			isa = XCSwiftPackageProductDependency;
			package = 33D96ACE282E2C1F009C549C /* XCRemoteSwiftPackageReference "RxSwift" */;
			productName = RxSwift;
		};
/* End XCSwiftPackageProductDependency section */
	};
	rootObject = 33D96AAF282E2B2B009C549C /* Project object */;
}
